
Microsoft Visual Studio Solution File, Format Version 12.00
# Visual Studio 15
VisualStudioVersion = 15.0.28307.329
MinimumVisualStudioVersion = 10.0.40219.1
Project("{FAE04EC0-301F-11D3-BF4B-00C04F79EFBC}") = "CanvasToSvg", "CanvasToSvg\CanvasToSvg.csproj", "{FCF4A8DB-12D7-420D-A3E7-21480E77B2C9}"
EndProject
Global
	GlobalSection(SolutionConfigurationPlatforms) = preSolution
		Debug|Any CPU = Debug|Any CPU
		Release|Any CPU = Release|Any CPU
	EndGlobalSection
	GlobalSection(ProjectConfigurationPlatforms) = postSolution
		{FCF4A8DB-12D7-420D-A3E7-21480E77B2C9}.Debug|Any CPU.ActiveCfg = Debug|Any CPU
		{FCF4A8DB-12D7-420D-A3E7-21480E77B2C9}.Debug|Any CPU.Build.0 = Debug|Any CPU
		{FCF4A8DB-12D7-420D-A3E7-21480E77B2C9}.Release|Any CPU.ActiveCfg = Release|Any CPU
		{FCF4A8DB-12D7-420D-A3E7-21480E77B2C9}.Release|Any CPU.Build.0 = Release|Any CPU
	EndGlobalSection
	GlobalSection(SolutionProperties) = preSolution
		HideSolutionNode = FALSE
	EndGlobalSection
	GlobalSection(ExtensibilityGlobals) = postSolution
		SolutionGuid = {E3335780-10B4-41B6-888E-29CBC6E549FA}
	EndGlobalSection
EndGlobal
